
Microsoft Visual Studio Solution File, Format Version 12.00
# Visual Studio Version 17
VisualStudioVersion = 17.14.36414.22 d17.14
MinimumVisualStudioVersion = 10.0.40219.1
Project("{FAE04EC0-301F-11D3-BF4B-00C04F79EFBC}") = "ConsensusService.Tests", "ConsensusService.Tests.csproj", "{45ABA7B3-E3BF-7311-F772-90D807C64C70}"
EndProject
Global
	GlobalSection(SolutionConfigurationPlatforms) = preSolution
		Debug|Any CPU = Debug|Any CPU
		Release|Any CPU = Release|Any CPU
	EndGlobalSection
	GlobalSection(ProjectConfigurationPlatforms) = postSolution
		{45ABA7B3-E3BF-7311-F772-90D807C64C70}.Debug|Any CPU.ActiveCfg = Debug|Any CPU
		{45ABA7B3-E3BF-7311-F772-90D807C64C70}.Debug|Any CPU.Build.0 = Debug|Any CPU
		{45ABA7B3-E3BF-7311-F772-90D807C64C70}.Release|Any CPU.ActiveCfg = Release|Any CPU
		{45ABA7B3-E3BF-7311-F772-90D807C64C70}.Release|Any CPU.Build.0 = Release|Any CPU
	EndGlobalSection
	GlobalSection(SolutionProperties) = preSolution
		HideSolutionNode = FALSE
	EndGlobalSection
	GlobalSection(ExtensibilityGlobals) = postSolution
		SolutionGuid = {581975F7-39B0-4A0B-912D-922FC538224A}
	EndGlobalSection
EndGlobal
